github.com/Tnze/go-mc v1.20.3-0.20240728163200-a5fbf35088bd h1:wH0qV19wqGrDb9e4cT6EzaloYK0Eea8MBh4g/bbNb64=
github.com/Tnze/go-mc v1.20.3-0.20240728163200-a5fbf35088bd/go.mod h1:vp949nHNUK5KVwSuadpN1vp7c1zvkPEniM08PQv1FcY=
github.com/google/uuid v1.6.0 h1:NIvaJDMOsjHA8n1jAhLSgzrAzy1Hgr+hNrb57e+94F0=
github.com/google/uuid v1.6.0/go.mod h1:TIyPZe4MgqvfeYDBFedMoGGpEw/LqOeaOT+nhxU+yHo=
